
Microsoft Visual Studio Solution File, Format Version 11.00
# Visual C# Express 2010
Project("{FAE04EC0-301F-11D3-BF4B-00C04F79EFBC}") = "TryCatch Ejercicio", "TryCatch Ejercicio\TryCatch Ejercicio.csproj", "{F1F1EEA6-2D3B-4811-BC38-10EC398AE5DE}"
EndProject
Global
	GlobalSection(SolutionConfigurationPlatforms) = preSolution
		Debug|x86 = Debug|x86
		Release|x86 = Release|x86
	EndGlobalSection
	GlobalSection(ProjectConfigurationPlatforms) = postSolution
		{F1F1EEA6-2D3B-4811-BC38-10EC398AE5DE}.Debug|x86.ActiveCfg = Debug|x86
		{F1F1EEA6-2D3B-4811-BC38-10EC398AE5DE}.Debug|x86.Build.0 = Debug|x86
		{F1F1EEA6-2D3B-4811-BC38-10EC398AE5DE}.Release|x86.ActiveCfg = Release|x86
		{F1F1EEA6-2D3B-4811-BC38-10EC398AE5DE}.Release|x86.Build.0 = Release|x86
	EndGlobalSection
	GlobalSection(SolutionProperties) = preSolution
		HideSolutionNode = FALSE
	EndGlobalSection
EndGlobal
